PODS:
  - BTAssessmentSDK (1.0.2)

DEPENDENCIES:
  - BTAssessmentSDK (from `https://github.com/bespot/assessment-sdk-ios`, tag `1.0.2`)

EXTERNAL SOURCES:
  BTAssessmentSDK:
    :git: https://github.com/bespot/assessment-sdk-ios
    :tag: 1.0.2

CHECKOUT OPTIONS:
  BTAssessmentSDK:
    :git: https://github.com/bespot/assessment-sdk-ios
    :tag: 1.0.2

SPEC CHECKSUMS:
  BTAssessmentSDK: 7100537bb530965f7530bc9f92bab63fb6604b83

PODFILE CHECKSUM: c25092ffe29fe1e4375e28eafc878feb9df50dea

COCOAPODS: 1.10.0
