PODS:
  - BTAssessmentSDK (1.0.0)

DEPENDENCIES:
  - BTAssessmentSDK (from `https://github.com/bespot/assessment-sdk-ios`, tag `1.0.0`)

EXTERNAL SOURCES:
  BTAssessmentSDK:
    :git: https://github.com/bespot/assessment-sdk-ios
    :tag: 1.0.0

CHECKOUT OPTIONS:
  BTAssessmentSDK:
    :git: https://github.com/bespot/assessment-sdk-ios
    :tag: 1.0.0

SPEC CHECKSUMS:
  BTAssessmentSDK: ebd247e1d222225b7086b4b256f0976a67fa0a90

PODFILE CHECKSUM: 2fa070465be2ad67078000bb39ec94bc85310816

COCOAPODS: 1.9.3
